// !$*UTF8*$!
{
	archiveVersion = 1;
	classes = {
	};
	objectVersion = 77;
	objects = {

/* Begin PBXBuildFile section */
		B5A4E4A12DA600F900239D6A /* Cocoa.framework in Frameworks */ = {isa = PBXBuildFile; fileRef = B5A4E4A02DA600F900239D6A /* Cocoa.framework */; };
		B5A4E4AD2DA600F900239D6A /* SwiftScoutExtension.appex in Embed Foundation Extensions */ = {isa = PBXBuildFile; fileRef = B5A4E49E2DA600F900239D6A /* SwiftScoutExtension.appex */; settings = {ATTRIBUTES = (RemoveHeadersOnCopy, ); }; };
		B5A4E4B42DA601BC00239D6A /* XcodeKit.framework in Frameworks */ = {isa = PBXBuildFile; fileRef = B5A4E4B32DA601BC00239D6A /* XcodeKit.framework */; };
		B5A4E4B52DA601BC00239D6A /* XcodeKit.framework in Embed Frameworks */ = {isa = PBXBuildFile; fileRef = B5A4E4B32DA601BC00239D6A /* XcodeKit.framework */; settings = {ATTRIBUTES = (CodeSignOnCopy, RemoveHeadersOnCopy, ); }; };
/* End PBXBuildFile section */

/* Begin PBXContainerItemProxy section */
		B5A4E47E2DA5DB1E00239D6A /* PBXContainerItemProxy */ = {
			isa = PBXContainerItemProxy;
			containerPortal = B5A4E4672DA5DB1C00239D6A /* Project object */;
			proxyType = 1;
			remoteGlobalIDString = B5A4E46E2DA5DB1C00239D6A;
			remoteInfo = SwiftScout;
		};
		B5A4E4882DA5DB1E00239D6A /* PBXContainerItemProxy */ = {
			isa = PBXContainerItemProxy;
			containerPortal = B5A4E4672DA5DB1C00239D6A /* Project object */;
			proxyType = 1;
			remoteGlobalIDString = B5A4E46E2DA5DB1C00239D6A;
			remoteInfo = SwiftScout;
		};
		B5A4E4AB2DA600F900239D6A /* PBXContainerItemProxy */ = {
			isa = PBXContainerItemProxy;
			containerPortal = B5A4E4672DA5DB1C00239D6A /* Project object */;
			proxyType = 1;
			remoteGlobalIDString = B5A4E49D2DA600F900239D6A;
			remoteInfo = SwiftScoutExtension;
		};
/* End PBXContainerItemProxy section */

/* Begin PBXCopyFilesBuildPhase section */
		B5A4E4B22DA600F900239D6A /* Embed Foundation Extensions */ = {
			isa = PBXCopyFilesBuildPhase;
			buildActionMask = 2147483647;
			dstPath = "";
			dstSubfolderSpec = 13;
			files = (
				B5A4E4AD2DA600F900239D6A /* SwiftScoutExtension.appex in Embed Foundation Extensions */,
			);
			name = "Embed Foundation Extensions";
			runOnlyForDeploymentPostprocessing = 0;
		};
		B5A4E4B62DA601BC00239D6A /* Embed Frameworks */ = {
			isa = PBXCopyFilesBuildPhase;
			buildActionMask = 2147483647;
			dstPath = "";
			dstSubfolderSpec = 10;
			files = (
				B5A4E4B52DA601BC00239D6A /* XcodeKit.framework in Embed Frameworks */,
			);
			name = "Embed Frameworks";
			runOnlyForDeploymentPostprocessing = 0;
		};
/* End PBXCopyFilesBuildPhase section */

/* Begin PBXFileReference section */
		B5A4E46F2DA5DB1C00239D6A /* SwiftScout.app */ = {isa = PBXFileReference; explicitFileType = wrapper.application; includeInIndex = 0; path = SwiftScout.app; sourceTree = BUILT_PRODUCTS_DIR; };
		B5A4E47D2DA5DB1E00239D6A /* SwiftScoutTests.xctest */ = {isa = PBXFileReference; explicitFileType = wrapper.cfbundle; includeInIndex = 0; path = SwiftScoutTests.xctest; sourceTree = BUILT_PRODUCTS_DIR; };
		B5A4E4872DA5DB1E00239D6A /* SwiftScoutUITests.xctest */ = {isa = PBXFileReference; explicitFileType = wrapper.cfbundle; includeInIndex = 0; path = SwiftScoutUITests.xctest; sourceTree = BUILT_PRODUCTS_DIR; };
		B5A4E49E2DA600F900239D6A /* SwiftScoutExtension.appex */ = {isa = PBXFileReference; explicitFileType = "wrapper.app-extension"; includeInIndex = 0; path = SwiftScoutExtension.appex; sourceTree = BUILT_PRODUCTS_DIR; };
		B5A4E4A02DA600F900239D6A /* Cocoa.framework */ = {isa = PBXFileReference; lastKnownFileType = wrapper.framework; name = Cocoa.framework; path = System/Library/Frameworks/Cocoa.framework; sourceTree = SDKROOT; };
		B5A4E4B32DA601BC00239D6A /* XcodeKit.framework */ = {isa = PBXFileReference; lastKnownFileType = wrapper.framework; name = XcodeKit.framework; path = Library/Frameworks/XcodeKit.framework; sourceTree = DEVELOPER_DIR; };
/* End PBXFileReference section */

/* Begin PBXFileSystemSynchronizedBuildFileExceptionSet section */
		B573310E2DA701B200CAC534 /* Exceptions for "SwiftScout" folder in "SwiftScoutExtension" target */ = {
			isa = PBXFileSystemSynchronizedBuildFileExceptionSet;
			membershipExceptions = (
				Data/Models/FunctionModel.swift,
				Data/Models/RawSymbol.swift,
				Data/Protocols/FunctionDataProvider.swift,
				Data/Repositories/MockFunctionProvider.swift,
				Data/Repositories/RealFunctionProvider.swift,
			);
			target = B5A4E49D2DA600F900239D6A /* SwiftScoutExtension */;
		};
		B5A4E4AE2DA600F900239D6A /* Exceptions for "SwiftScoutExtension" folder in "SwiftScoutExtension" target */ = {
			isa = PBXFileSystemSynchronizedBuildFileExceptionSet;
			membershipExceptions = (
				Info.plist,
			);
			target = B5A4E49D2DA600F900239D6A /* SwiftScoutExtension */;
		};
/* End PBXFileSystemSynchronizedBuildFileExceptionSet section */

/* Begin PBXFileSystemSynchronizedRootGroup section */
		B5A4E4712DA5DB1C00239D6A /* SwiftScout */ = {
			isa = PBXFileSystemSynchronizedRootGroup;
			exceptions = (
				B573310E2DA701B200CAC534 /* Exceptions for "SwiftScout" folder in "SwiftScoutExtension" target */,
			);
			path = SwiftScout;
			sourceTree = "<group>";
		};
		B5A4E4802DA5DB1E00239D6A /* SwiftScoutTests */ = {
			isa = PBXFileSystemSynchronizedRootGroup;
			path = SwiftScoutTests;
			sourceTree = "<group>";
		};
		B5A4E48A2DA5DB1E00239D6A /* SwiftScoutUITests */ = {
			isa = PBXFileSystemSynchronizedRootGroup;
			path = SwiftScoutUITests;
			sourceTree = "<group>";
		};
		B5A4E4A42DA600F900239D6A /* SwiftScoutExtension */ = {
			isa = PBXFileSystemSynchronizedRootGroup;
			exceptions = (
				B5A4E4AE2DA600F900239D6A /* Exceptions for "SwiftScoutExtension" folder in "SwiftScoutExtension" target */,
			);
			path = SwiftScoutExtension;
			sourceTree = "<group>";
		};
/* End PBXFileSystemSynchronizedRootGroup section */

/* Begin PBXFrameworksBuildPhase section */
		B5A4E46C2DA5DB1C00239D6A /* Frameworks */ = {
			isa = PBXFrameworksBuildPhase;
			buildActionMask = 2147483647;
			files = (
			);
			runOnlyForDeploymentPostprocessing = 0;
		};
		B5A4E47A2DA5DB1E00239D6A /* Frameworks */ = {
			isa = PBXFrameworksBuildPhase;
			buildActionMask = 2147483647;
			files = (
			);
			runOnlyForDeploymentPostprocessing = 0;
		};
		B5A4E4842DA5DB1E00239D6A /* Frameworks */ = {
			isa = PBXFrameworksBuildPhase;
			buildActionMask = 2147483647;
			files = (
			);
			runOnlyForDeploymentPostprocessing = 0;
		};
		B5A4E49B2DA600F900239D6A /* Frameworks */ = {
			isa = PBXFrameworksBuildPhase;
			buildActionMask = 2147483647;
			files = (
				B5A4E4A12DA600F900239D6A /* Cocoa.framework in Frameworks */,
				B5A4E4B42DA601BC00239D6A /* XcodeKit.framework in Frameworks */,
			);
			runOnlyForDeploymentPostprocessing = 0;
		};
/* End PBXFrameworksBuildPhase section */

/* Begin PBXGroup section */
		B5A4E4662DA5DB1C00239D6A = {
			isa = PBXGroup;
			children = (
				B5A4E4712DA5DB1C00239D6A /* SwiftScout */,
				B5A4E4A42DA600F900239D6A /* SwiftScoutExtension */,
				B5A4E4802DA5DB1E00239D6A /* SwiftScoutTests */,
				B5A4E48A2DA5DB1E00239D6A /* SwiftScoutUITests */,
				B5A4E49F2DA600F900239D6A /* Frameworks */,
				B5A4E4702DA5DB1C00239D6A /* Products */,
			);
			sourceTree = "<group>";
		};
		B5A4E4702DA5DB1C00239D6A /* Products */ = {
			isa = PBXGroup;
			children = (
				B5A4E46F2DA5DB1C00239D6A /* SwiftScout.app */,
				B5A4E47D2DA5DB1E00239D6A /* SwiftScoutTests.xctest */,
				B5A4E4872DA5DB1E00239D6A /* SwiftScoutUITests.xctest */,
				B5A4E49E2DA600F900239D6A /* SwiftScoutExtension.appex */,
			);
			name = Products;
			sourceTree = "<group>";
		};
		B5A4E49F2DA600F900239D6A /* Frameworks */ = {
			isa = PBXGroup;
			children = (
				B5A4E4B32DA601BC00239D6A /* XcodeKit.framework */,
				B5A4E4A02DA600F900239D6A /* Cocoa.framework */,
			);
			name = Frameworks;
			sourceTree = "<group>";
		};
/* End PBXGroup section */

/* Begin PBXNativeTarget section */
		B5A4E46E2DA5DB1C00239D6A /* SwiftScout */ = {
			isa = PBXNativeTarget;
			buildConfigurationList = B5A4E4912DA5DB1E00239D6A /* Build configuration list for PBXNativeTarget "SwiftScout" */;
			buildPhases = (
				B5A4E46B2DA5DB1C00239D6A /* Sources */,
				B5A4E46C2DA5DB1C00239D6A /* Frameworks */,
				B5A4E46D2DA5DB1C00239D6A /* Resources */,
				B5A4E4B22DA600F900239D6A /* Embed Foundation Extensions */,
			);
			buildRules = (
			);
			dependencies = (
				B5A4E4AC2DA600F900239D6A /* PBXTargetDependency */,
			);
			fileSystemSynchronizedGroups = (
				B5A4E4712DA5DB1C00239D6A /* SwiftScout */,
			);
			name = SwiftScout;
			packageProductDependencies = (
			);
			productName = SwiftScout;
			productReference = B5A4E46F2DA5DB1C00239D6A /* SwiftScout.app */;
			productType = "com.apple.product-type.application";
		};
		B5A4E47C2DA5DB1E00239D6A /* SwiftScoutTests */ = {
			isa = PBXNativeTarget;
			buildConfigurationList = B5A4E4942DA5DB1E00239D6A /* Build configuration list for PBXNativeTarget "SwiftScoutTests" */;
			buildPhases = (
				B5A4E4792DA5DB1E00239D6A /* Sources */,
				B5A4E47A2DA5DB1E00239D6A /* Frameworks */,
				B5A4E47B2DA5DB1E00239D6A /* Resources */,
			);
			buildRules = (
			);
			dependencies = (
				B5A4E47F2DA5DB1E00239D6A /* PBXTargetDependency */,
			);
			fileSystemSynchronizedGroups = (
				B5A4E4802DA5DB1E00239D6A /* SwiftScoutTests */,
			);
			name = SwiftScoutTests;
			packageProductDependencies = (
			);
			productName = SwiftScoutTests;
			productReference = B5A4E47D2DA5DB1E00239D6A /* SwiftScoutTests.xctest */;
			productType = "com.apple.product-type.bundle.unit-test";
		};
		B5A4E4862DA5DB1E00239D6A /* SwiftScoutUITests */ = {
			isa = PBXNativeTarget;
			buildConfigurationList = B5A4E4972DA5DB1E00239D6A /* Build configuration list for PBXNativeTarget "SwiftScoutUITests" */;
			buildPhases = (
				B5A4E4832DA5DB1E00239D6A /* Sources */,
				B5A4E4842DA5DB1E00239D6A /* Frameworks */,
				B5A4E4852DA5DB1E00239D6A /* Resources */,
			);
			buildRules = (
			);
			dependencies = (
				B5A4E4892DA5DB1E00239D6A /* PBXTargetDependency */,
			);
			fileSystemSynchronizedGroups = (
				B5A4E48A2DA5DB1E00239D6A /* SwiftScoutUITests */,
			);
			name = SwiftScoutUITests;
			packageProductDependencies = (
			);
			productName = SwiftScoutUITests;
			productReference = B5A4E4872DA5DB1E00239D6A /* SwiftScoutUITests.xctest */;
			productType = "com.apple.product-type.bundle.ui-testing";
		};
		B5A4E49D2DA600F900239D6A /* SwiftScoutExtension */ = {
			isa = PBXNativeTarget;
			buildConfigurationList = B5A4E4AF2DA600F900239D6A /* Build configuration list for PBXNativeTarget "SwiftScoutExtension" */;
			buildPhases = (
				B5A4E49A2DA600F900239D6A /* Sources */,
				B5A4E49B2DA600F900239D6A /* Frameworks */,
				B5A4E49C2DA600F900239D6A /* Resources */,
				B5A4E4B62DA601BC00239D6A /* Embed Frameworks */,
			);
			buildRules = (
			);
			dependencies = (
			);
			fileSystemSynchronizedGroups = (
				B5A4E4A42DA600F900239D6A /* SwiftScoutExtension */,
			);
			name = SwiftScoutExtension;
			packageProductDependencies = (
			);
			productName = SwiftScoutExtension;
			productReference = B5A4E49E2DA600F900239D6A /* SwiftScoutExtension.appex */;
			productType = "com.apple.product-type.xcode-extension";
		};
/* End PBXNativeTarget section */

/* Begin PBXProject section */
		B5A4E4672DA5DB1C00239D6A /* Project object */ = {
			isa = PBXProject;
			attributes = {
				BuildIndependentTargetsInParallel = 1;
				LastSwiftUpdateCheck = 1630;
				LastUpgradeCheck = 1630;
				TargetAttributes = {
					B5A4E46E2DA5DB1C00239D6A = {
						CreatedOnToolsVersion = 16.3;
					};
					B5A4E47C2DA5DB1E00239D6A = {
						CreatedOnToolsVersion = 16.3;
						TestTargetID = B5A4E46E2DA5DB1C00239D6A;
					};
					B5A4E4862DA5DB1E00239D6A = {
						CreatedOnToolsVersion = 16.3;
						TestTargetID = B5A4E46E2DA5DB1C00239D6A;
					};
					B5A4E49D2DA600F900239D6A = {
						CreatedOnToolsVersion = 16.3;
					};
				};
			};
			buildConfigurationList = B5A4E46A2DA5DB1C00239D6A /* Build configuration list for PBXProject "SwiftScout" */;
			developmentRegion = en;
			hasScannedForEncodings = 0;
			knownRegions = (
				en,
				Base,
			);
			mainGroup = B5A4E4662DA5DB1C00239D6A;
			minimizedProjectReferenceProxies = 1;
			preferredProjectObjectVersion = 77;
			productRefGroup = B5A4E4702DA5DB1C00239D6A /* Products */;
			projectDirPath = "";
			projectRoot = "";
			targets = (
				B5A4E46E2DA5DB1C00239D6A /* SwiftScout */,
				B5A4E47C2DA5DB1E00239D6A /* SwiftScoutTests */,
				B5A4E4862DA5DB1E00239D6A /* SwiftScoutUITests */,
				B5A4E49D2DA600F900239D6A /* SwiftScoutExtension */,
			);
		};
/* End PBXProject section */

/* Begin PBXResourcesBuildPhase section */
		B5A4E46D2DA5DB1C00239D6A /* Resources */ = {
			isa = PBXResourcesBuildPhase;
			buildActionMask = 2147483647;
			files = (
			);
			runOnlyForDeploymentPostprocessing = 0;
		};
		B5A4E47B2DA5DB1E00239D6A /* Resources */ = {
			isa = PBXResourcesBuildPhase;
			buildActionMask = 2147483647;
			files = (
			);
			runOnlyForDeploymentPostprocessing = 0;
		};
		B5A4E4852DA5DB1E00239D6A /* Resources */ = {
			isa = PBXResourcesBuildPhase;
			buildActionMask = 2147483647;
			files = (
			);
			runOnlyForDeploymentPostprocessing = 0;
		};
		B5A4E49C2DA600F900239D6A /* Resources */ = {
			isa = PBXResourcesBuildPhase;
			buildActionMask = 2147483647;
			files = (
			);
			runOnlyForDeploymentPostprocessing = 0;
		};
/* End PBXResourcesBuildPhase section */

/* Begin PBXSourcesBuildPhase section */
		B5A4E46B2DA5DB1C00239D6A /* Sources */ = {
			isa = PBXSourcesBuildPhase;
			buildActionMask = 2147483647;
			files = (
			);
			runOnlyForDeploymentPostprocessing = 0;
		};
		B5A4E4792DA5DB1E00239D6A /* Sources */ = {
			isa = PBXSourcesBuildPhase;
			buildActionMask = 2147483647;
			files = (
			);
			runOnlyForDeploymentPostprocessing = 0;
		};
		B5A4E4832DA5DB1E00239D6A /* Sources */ = {
			isa = PBXSourcesBuildPhase;
			buildActionMask = 2147483647;
			files = (
			);
			runOnlyForDeploymentPostprocessing = 0;
		};
		B5A4E49A2DA600F900239D6A /* Sources */ = {
			isa = PBXSourcesBuildPhase;
			buildActionMask = 2147483647;
			files = (
			);
			runOnlyForDeploymentPostprocessing = 0;
		};
/* End PBXSourcesBuildPhase section */

/* Begin PBXTargetDependency section */
		B5A4E47F2DA5DB1E00239D6A /* PBXTargetDependency */ = {
			isa = PBXTargetDependency;
			target = B5A4E46E2DA5DB1C00239D6A /* SwiftScout */;
			targetProxy = B5A4E47E2DA5DB1E00239D6A /* PBXContainerItemProxy */;
		};
		B5A4E4892DA5DB1E00239D6A /* PBXTargetDependency */ = {
			isa = PBXTargetDependency;
			target = B5A4E46E2DA5DB1C00239D6A /* SwiftScout */;
			targetProxy = B5A4E4882DA5DB1E00239D6A /* PBXContainerItemProxy */;
		};
		B5A4E4AC2DA600F900239D6A /* PBXTargetDependency */ = {
			isa = PBXTargetDependency;
			target = B5A4E49D2DA600F900239D6A /* SwiftScoutExtension */;
			targetProxy = B5A4E4AB2DA600F900239D6A /* PBXContainerItemProxy */;
		};
/* End PBXTargetDependency section */

/* Begin XCBuildConfiguration section */
		B5A4E48F2DA5DB1E00239D6A /* Debug */ = {
			isa = XCBuildConfiguration;
			buildSettings = {
				ALWAYS_SEARCH_USER_PATHS = NO;
				ASSETCATALOG_COMPILER_GENERATE_SWIFT_ASSET_SYMBOL_EXTENSIONS = YES;
				CLANG_ANALYZER_NONNULL = YES;
				CLANG_ANALYZER_NUMBER_OBJECT_CONVERSION = YES_AGGRESSIVE;
				CLANG_CXX_LANGUAGE_STANDARD = "gnu++20";
				CLANG_ENABLE_MODULES = YES;
				CLANG_ENABLE_OBJC_ARC = YES;
				CLANG_ENABLE_OBJC_WEAK = YES;
				CLANG_WARN_BLOCK_CAPTURE_AUTORELEASING = YES;
				CLANG_WARN_BOOL_CONVERSION = YES;
				CLANG_WARN_COMMA = YES;
				CLANG_WARN_CONSTANT_CONVERSION = YES;
				CLANG_WARN_DEPRECATED_OBJC_IMPLEMENTATIONS = YES;
				CLANG_WARN_DIRECT_OBJC_ISA_USAGE = YES_ERROR;
				CLANG_WARN_DOCUMENTATION_COMMENTS = YES;
				CLANG_WARN_EMPTY_BODY = YES;
				CLANG_WARN_ENUM_CONVERSION = YES;
				CLANG_WARN_INFINITE_RECURSION = YES;
				CLANG_WARN_INT_CONVERSION = YES;
				CLANG_WARN_NON_LITERAL_NULL_CONVERSION = YES;
				CLANG_WARN_OBJC_IMPLICIT_RETAIN_SELF = YES;
				CLANG_WARN_OBJC_LITERAL_CONVERSION = YES;
				CLANG_WARN_OBJC_ROOT_CLASS = YES_ERROR;
				CLANG_WARN_QUOTED_INCLUDE_IN_FRAMEWORK_HEADER = YES;
				CLANG_WARN_RANGE_LOOP_ANALYSIS = YES;
				CLANG_WARN_STRICT_PROTOTYPES = YES;
				CLANG_WARN_SUSPICIOUS_MOVE = YES;
				CLANG_WARN_UNGUARDED_AVAILABILITY = YES_AGGRESSIVE;
				CLANG_WARN_UNREACHABLE_CODE = YES;
				CLANG_WARN__DUPLICATE_METHOD_MATCH = YES;
				COPY_PHASE_STRIP = NO;
				DEBUG_INFORMATION_FORMAT = dwarf;
				DEVELOPMENT_TEAM = T8M3GABN4B;
				ENABLE_STRICT_OBJC_MSGSEND = YES;
				ENABLE_TESTABILITY = YES;
				ENABLE_USER_SCRIPT_SANDBOXING = YES;
				GCC_C_LANGUAGE_STANDARD = gnu17;
				GCC_DYNAMIC_NO_PIC = NO;
				GCC_NO_COMMON_BLOCKS = YES;
				GCC_OPTIMIZATION_LEVEL = 0;
				GCC_PREPROCESSOR_DEFINITIONS = (
					"DEBUG=1",
					"$(inherited)",
				);
				GCC_WARN_64_TO_32_BIT_CONVERSION = YES;
				GCC_WARN_ABOUT_RETURN_TYPE = YES_ERROR;
				GCC_WARN_UNDECLARED_SELECTOR = YES;
				GCC_WARN_UNINITIALIZED_AUTOS = YES_AGGRESSIVE;
				GCC_WARN_UNUSED_FUNCTION = YES;
				GCC_WARN_UNUSED_VARIABLE = YES;
				LOCALIZATION_PREFERS_STRING_CATALOGS = YES;
				MACOSX_DEPLOYMENT_TARGET = 15.4;
				MTL_ENABLE_DEBUG_INFO = INCLUDE_SOURCE;
				MTL_FAST_MATH = YES;
				ONLY_ACTIVE_ARCH = YES;
				SDKROOT = macosx;
				SWIFT_ACTIVE_COMPILATION_CONDITIONS = "DEBUG $(inherited)";
				SWIFT_OPTIMIZATION_LEVEL = "-Onone";
			};
			name = Debug;
		};
		B5A4E4902DA5DB1E00239D6A /* Release */ = {
			isa = XCBuildConfiguration;
			buildSettings = {
				ALWAYS_SEARCH_USER_PATHS = NO;
				ASSETCATALOG_COMPILER_GENERATE_SWIFT_ASSET_SYMBOL_EXTENSIONS = YES;
				CLANG_ANALYZER_NONNULL = YES;
				CLANG_ANALYZER_NUMBER_OBJECT_CONVERSION = YES_AGGRESSIVE;
				CLANG_CXX_LANGUAGE_STANDARD = "gnu++20";
				CLANG_ENABLE_MODULES = YES;
				CLANG_ENABLE_OBJC_ARC = YES;
				CLANG_ENABLE_OBJC_WEAK = YES;
				CLANG_WARN_BLOCK_CAPTURE_AUTORELEASING = YES;
				CLANG_WARN_BOOL_CONVERSION = YES;
				CLANG_WARN_COMMA = YES;
				CLANG_WARN_CONSTANT_CONVERSION = YES;
				CLANG_WARN_DEPRECATED_OBJC_IMPLEMENTATIONS = YES;
				CLANG_WARN_DIRECT_OBJC_ISA_USAGE = YES_ERROR;
				CLANG_WARN_DOCUMENTATION_COMMENTS = YES;
				CLANG_WARN_EMPTY_BODY = YES;
				CLANG_WARN_ENUM_CONVERSION = YES;
				CLANG_WARN_INFINITE_RECURSION = YES;
				CLANG_WARN_INT_CONVERSION = YES;
				CLANG_WARN_NON_LITERAL_NULL_CONVERSION = YES;
				CLANG_WARN_OBJC_IMPLICIT_RETAIN_SELF = YES;
				CLANG_WARN_OBJC_LITERAL_CONVERSION = YES;
				CLANG_WARN_OBJC_ROOT_CLASS = YES_ERROR;
				CLANG_WARN_QUOTED_INCLUDE_IN_FRAMEWORK_HEADER = YES;
				CLANG_WARN_RANGE_LOOP_ANALYSIS = YES;
				CLANG_WARN_STRICT_PROTOTYPES = YES;
				CLANG_WARN_SUSPICIOUS_MOVE = YES;
				CLANG_WARN_UNGUARDED_AVAILABILITY = YES_AGGRESSIVE;
				CLANG_WARN_UNREACHABLE_CODE = YES;
				CLANG_WARN__DUPLICATE_METHOD_MATCH = YES;
				COPY_PHASE_STRIP = NO;
				DEBUG_INFORMATION_FORMAT = "dwarf-with-dsym";
				DEVELOPMENT_TEAM = T8M3GABN4B;
				ENABLE_NS_ASSERTIONS = NO;
				ENABLE_STRICT_OBJC_MSGSEND = YES;
				ENABLE_USER_SCRIPT_SANDBOXING = YES;
				GCC_C_LANGUAGE_STANDARD = gnu17;
				GCC_NO_COMMON_BLOCKS = YES;
				GCC_WARN_64_TO_32_BIT_CONVERSION = YES;
				GCC_WARN_ABOUT_RETURN_TYPE = YES_ERROR;
				GCC_WARN_UNDECLARED_SELECTOR = YES;
				GCC_WARN_UNINITIALIZED_AUTOS = YES_AGGRESSIVE;
				GCC_WARN_UNUSED_FUNCTION = YES;
				GCC_WARN_UNUSED_VARIABLE = YES;
				LOCALIZATION_PREFERS_STRING_CATALOGS = YES;
				MACOSX_DEPLOYMENT_TARGET = 15.4;
				MTL_ENABLE_DEBUG_INFO = NO;
				MTL_FAST_MATH = YES;
				SDKROOT = macosx;
				SWIFT_COMPILATION_MODE = wholemodule;
			};
			name = Release;
		};
		B5A4E4922DA5DB1E00239D6A /* Debug */ = {
			isa = XCBuildConfiguration;
			buildSettings = {
				ASSETCATALOG_COMPILER_APPICON_NAME = AppIcon;
				ASSETCATALOG_COMPILER_GLOBAL_ACCENT_COLOR_NAME = AccentColor;
				CODE_SIGN_ENTITLEMENTS = SwiftScout/SwiftScout.entitlements;
				CODE_SIGN_STYLE = Automatic;
				COMBINE_HIDPI_IMAGES = YES;
				CURRENT_PROJECT_VERSION = 1;
				DEVELOPMENT_TEAM = T8M3GABN4B;
				ENABLE_HARDENED_RUNTIME = YES;
				ENABLE_PREVIEWS = YES;
				GENERATE_INFOPLIST_FILE = YES;
				INFOPLIST_KEY_NSHumanReadableCopyright = "";
				LD_RUNPATH_SEARCH_PATHS = (
					"$(inherited)",
					"@executable_path/../Frameworks",
				);
				MARKETING_VERSION = 1.0;
				PRODUCT_BUNDLE_IDENTIFIER = de.swiftscout.SwiftScout;
				PRODUCT_NAME = "$(TARGET_NAME)";
				REGISTER_APP_GROUPS = YES;
				SWIFT_EMIT_LOC_STRINGS = YES;
				SWIFT_VERSION = 5.0;
			};
			name = Debug;
		};
		B5A4E4932DA5DB1E00239D6A /* Release */ = {
			isa = XCBuildConfiguration;
			buildSettings = {
				ASSETCATALOG_COMPILER_APPICON_NAME = AppIcon;
				ASSETCATALOG_COMPILER_GLOBAL_ACCENT_COLOR_NAME = AccentColor;
				CODE_SIGN_ENTITLEMENTS = SwiftScout/SwiftScout.entitlements;
				CODE_SIGN_STYLE = Automatic;
				COMBINE_HIDPI_IMAGES = YES;
				CURRENT_PROJECT_VERSION = 1;
				DEVELOPMENT_TEAM = T8M3GABN4B;
				ENABLE_HARDENED_RUNTIME = YES;
				ENABLE_PREVIEWS = YES;
				GENERATE_INFOPLIST_FILE = YES;
				INFOPLIST_KEY_NSHumanReadableCopyright = "";
				LD_RUNPATH_SEARCH_PATHS = (
					"$(inherited)",
					"@executable_path/../Frameworks",
				);
				MARKETING_VERSION = 1.0;
				PRODUCT_BUNDLE_IDENTIFIER = de.swiftscout.SwiftScout;
				PRODUCT_NAME = "$(TARGET_NAME)";
				REGISTER_APP_GROUPS = YES;
				SWIFT_EMIT_LOC_STRINGS = YES;
				SWIFT_VERSION = 5.0;
			};
			name = Release;
		};
		B5A4E4952DA5DB1E00239D6A /* Debug */ = {
			isa = XCBuildConfiguration;
			buildSettings = {
				BUNDLE_LOADER = "$(TEST_HOST)";
				CODE_SIGN_STYLE = Automatic;
				CURRENT_PROJECT_VERSION = 1;
				DEVELOPMENT_TEAM = T8M3GABN4B;
				GENERATE_INFOPLIST_FILE = YES;
				MACOSX_DEPLOYMENT_TARGET = 15.4;
				MARKETING_VERSION = 1.0;
				PRODUCT_BUNDLE_IDENTIFIER = de.swiftscout.SwiftScoutTests;
				PRODUCT_NAME = "$(TARGET_NAME)";
				SWIFT_EMIT_LOC_STRINGS = NO;
				SWIFT_VERSION = 5.0;
				TEST_HOST = "$(BUILT_PRODUCTS_DIR)/SwiftScout.app/$(BUNDLE_EXECUTABLE_FOLDER_PATH)/SwiftScout";
			};
			name = Debug;
		};
		B5A4E4962DA5DB1E00239D6A /* Release */ = {
			isa = XCBuildConfiguration;
			buildSettings = {
				BUNDLE_LOADER = "$(TEST_HOST)";
				CODE_SIGN_STYLE = Automatic;
				CURRENT_PROJECT_VERSION = 1;
				DEVELOPMENT_TEAM = T8M3GABN4B;
				GENERATE_INFOPLIST_FILE = YES;
				MACOSX_DEPLOYMENT_TARGET = 15.4;
				MARKETING_VERSION = 1.0;
				PRODUCT_BUNDLE_IDENTIFIER = de.swiftscout.SwiftScoutTests;
				PRODUCT_NAME = "$(TARGET_NAME)";
				SWIFT_EMIT_LOC_STRINGS = NO;
				SWIFT_VERSION = 5.0;
				TEST_HOST = "$(BUILT_PRODUCTS_DIR)/SwiftScout.app/$(BUNDLE_EXECUTABLE_FOLDER_PATH)/SwiftScout";
			};
			name = Release;
		};
		B5A4E4982DA5DB1E00239D6A /* Debug */ = {
			isa = XCBuildConfiguration;
			buildSettings = {
				CODE_SIGN_STYLE = Automatic;
				CURRENT_PROJECT_VERSION = 1;
				DEVELOPMENT_TEAM = T8M3GABN4B;
				GENERATE_INFOPLIST_FILE = YES;
				MARKETING_VERSION = 1.0;
				PRODUCT_BUNDLE_IDENTIFIER = de.swiftscout.SwiftScoutUITests;
				PRODUCT_NAME = "$(TARGET_NAME)";
				SWIFT_EMIT_LOC_STRINGS = NO;
				SWIFT_VERSION = 5.0;
				TEST_TARGET_NAME = SwiftScout;
			};
			name = Debug;
		};
		B5A4E4992DA5DB1E00239D6A /* Release */ = {
			isa = XCBuildConfiguration;
			buildSettings = {
				CODE_SIGN_STYLE = Automatic;
				CURRENT_PROJECT_VERSION = 1;
				DEVELOPMENT_TEAM = T8M3GABN4B;
				GENERATE_INFOPLIST_FILE = YES;
				MARKETING_VERSION = 1.0;
				PRODUCT_BUNDLE_IDENTIFIER = de.swiftscout.SwiftScoutUITests;
				PRODUCT_NAME = "$(TARGET_NAME)";
				SWIFT_EMIT_LOC_STRINGS = NO;
				SWIFT_VERSION = 5.0;
				TEST_TARGET_NAME = SwiftScout;
			};
			name = Release;
		};
		B5A4E4B02DA600F900239D6A /* Debug */ = {
			isa = XCBuildConfiguration;
			buildSettings = {
				CODE_SIGN_ENTITLEMENTS = SwiftScoutExtension/SwiftScoutExtension.entitlements;
				CODE_SIGN_STYLE = Automatic;
				COMBINE_HIDPI_IMAGES = YES;
				CURRENT_PROJECT_VERSION = 1;
				DEVELOPMENT_TEAM = T8M3GABN4B;
				ENABLE_HARDENED_RUNTIME = YES;
				GENERATE_INFOPLIST_FILE = YES;
				INFOPLIST_FILE = SwiftScoutExtension/Info.plist;
				INFOPLIST_KEY_CFBundleDisplayName = SwiftScoutExtension;
				INFOPLIST_KEY_NSHumanReadableCopyright = "";
				LD_RUNPATH_SEARCH_PATHS = (
					"$(inherited)",
					"@executable_path/../Frameworks",
					"@executable_path/../../../../Frameworks",
				);
				MARKETING_VERSION = 1.0;
				PRODUCT_BUNDLE_IDENTIFIER = de.swiftscout.SwiftScout.SwiftScoutExtension;
				PRODUCT_NAME = "$(TARGET_NAME)";
				SKIP_INSTALL = YES;
				SWIFT_EMIT_LOC_STRINGS = YES;
				SWIFT_VERSION = 5.0;
			};
			name = Debug;
		};
		B5A4E4B12DA600F900239D6A /* Release */ = {
			isa = XCBuildConfiguration;
			buildSettings = {
				CODE_SIGN_ENTITLEMENTS = SwiftScoutExtension/SwiftScoutExtension.entitlements;
				CODE_SIGN_STYLE = Automatic;
				COMBINE_HIDPI_IMAGES = YES;
				CURRENT_PROJECT_VERSION = 1;
				DEVELOPMENT_TEAM = T8M3GABN4B;
				ENABLE_HARDENED_RUNTIME = YES;
				GENERATE_INFOPLIST_FILE = YES;
				INFOPLIST_FILE = SwiftScoutExtension/Info.plist;
				INFOPLIST_KEY_CFBundleDisplayName = SwiftScoutExtension;
				INFOPLIST_KEY_NSHumanReadableCopyright = "";
				LD_RUNPATH_SEARCH_PATHS = (
					"$(inherited)",
					"@executable_path/../Frameworks",
					"@executable_path/../../../../Frameworks",
				);
				MARKETING_VERSION = 1.0;
				PRODUCT_BUNDLE_IDENTIFIER = de.swiftscout.SwiftScout.SwiftScoutExtension;
				PRODUCT_NAME = "$(TARGET_NAME)";
				SKIP_INSTALL = YES;
				SWIFT_EMIT_LOC_STRINGS = YES;
				SWIFT_VERSION = 5.0;
			};
			name = Release;
		};
/* End XCBuildConfiguration section */

/* Begin XCConfigurationList section */
		B5A4E46A2DA5DB1C00239D6A /* Build configuration list for PBXProject "SwiftScout" */ = {
			isa = XCConfigurationList;
			buildConfigurations = (
				B5A4E48F2DA5DB1E00239D6A /* Debug */,
				B5A4E4902DA5DB1E00239D6A /* Release */,
			);
			defaultConfigurationIsVisible = 0;
			defaultConfigurationName = Release;
		};
		B5A4E4912DA5DB1E00239D6A /* Build configuration list for PBXNativeTarget "SwiftScout" */ = {
			isa = XCConfigurationList;
			buildConfigurations = (
				B5A4E4922DA5DB1E00239D6A /* Debug */,
				B5A4E4932DA5DB1E00239D6A /* Release */,
			);
			defaultConfigurationIsVisible = 0;
			defaultConfigurationName = Release;
		};
		B5A4E4942DA5DB1E00239D6A /* Build configuration list for PBXNativeTarget "SwiftScoutTests" */ = {
			isa = XCConfigurationList;
			buildConfigurations = (
				B5A4E4952DA5DB1E00239D6A /* Debug */,
				B5A4E4962DA5DB1E00239D6A /* Release */,
			);
			defaultConfigurationIsVisible = 0;
			defaultConfigurationName = Release;
		};
		B5A4E4972DA5DB1E00239D6A /* Build configuration list for PBXNativeTarget "SwiftScoutUITests" */ = {
			isa = XCConfigurationList;
			buildConfigurations = (
				B5A4E4982DA5DB1E00239D6A /* Debug */,
				B5A4E4992DA5DB1E00239D6A /* Release */,
			);
			defaultConfigurationIsVisible = 0;
			defaultConfigurationName = Release;
		};
		B5A4E4AF2DA600F900239D6A /* Build configuration list for PBXNativeTarget "SwiftScoutExtension" */ = {
			isa = XCConfigurationList;
			buildConfigurations = (
				B5A4E4B02DA600F900239D6A /* Debug */,
				B5A4E4B12DA600F900239D6A /* Release */,
			);
			defaultConfigurationIsVisible = 0;
			defaultConfigurationName = Release;
		};
/* End XCConfigurationList section */
	};
	rootObject = B5A4E4672DA5DB1C00239D6A /* Project object */;
}
